# THIS IS AN AUTOGENERATED FILE. DO NOT EDIT THIS FILE DIRECTLY.
# yarn lockfile v1


"@playwright/test@1.39.0":
  version "1.39.0"
  resolved "https://registry.yarnpkg.com/@playwright/test/-/test-1.39.0.tgz#d10ba8e38e44104499e25001945f07faa9fa91cd"
  integrity sha512-3u1iFqgzl7zr004bGPYiN/5EZpRUSFddQBra8Rqll5N0/vfpqlP9I9EXqAoGacuAbX6c9Ulg/Cjqglp5VkK6UQ==
  dependencies:
    playwright "1.39.0"

"@types/node@^15.14.1":
  version "15.14.9"
  resolved "https://registry.yarnpkg.com/@types/node/-/node-15.14.9.tgz#bc43c990c3c9be7281868bbc7b8fdd6e2b57adfa"
  integrity sha512-qjd88DrCxupx/kJD5yQgZdcYKZKSIGBVDIBE1/LTGcNm3d2Np/jxojkdePDdfnBHJc5W7vSMpbJ1aB7p/Py69A==

allure-commandline@^2.13.8:
  version "2.17.2"
  resolved "https://registry.yarnpkg.com/allure-commandline/-/allure-commandline-2.17.2.tgz#48c1064973619644011092d31294834210c6c433"
  integrity sha512-2a0M0nX1KtVrg4y0rWEFn/OQkv7AaQSMBOEtlKfQl3heZoTEo0IdB08Uk5vU390+qPsEv3EO5igjyCrS0gX+FQ==

allure-js-commons@2.0.0-beta.15:
  version "2.0.0-beta.15"
  resolved "https://registry.yarnpkg.com/allure-js-commons/-/allure-js-commons-2.0.0-beta.15.tgz#ba3040047ccaec735e7c011c97cf1c29f6121207"
  integrity sha512-6PhWo54wSEvV/vVXN9qa7MpGkymoSqEzhmsMQhAr1Kt3fcDqD3u7ZXYPt+LrBqxONwNwRvKaosg2bFZxVLL6Hw==
  dependencies:
    mkdirp "^1.0.4"
    properties "^1.2.1"
    uuid "^8.3.0"

allure-playwright@^2.0.0-beta.15:
  version "2.0.0-beta.15"
  resolved "https://registry.yarnpkg.com/allure-playwright/-/allure-playwright-2.0.0-beta.15.tgz#69261204373854f8307c8f80269bf530fc09cea1"
  integrity sha512-n1mq2BWQaDIBA/dzmONqKOhkYBeTJAVcMrnjOMkMsj1R88r1newvyFjlWxMsqO3sJ0JWd3/rylkrHJDxijVg8Q==
  dependencies:
    allure-js-commons "2.0.0-beta.15"

axe-core@^4.3.1:
  version "4.3.5"
  resolved "https://registry.yarnpkg.com/axe-core/-/axe-core-4.3.5.tgz#78d6911ba317a8262bfee292aeafcc1e04b49cc5"
  integrity sha512-WKTW1+xAzhMS5dJsxWkliixlO/PqC4VhmO9T4juNYcaTg9jzWiJsou6m5pxWYGfigWbwzJWeFY6z47a+4neRXA==

dotenv@^10.0.0:
  version "10.0.0"
  resolved "https://registry.yarnpkg.com/dotenv/-/dotenv-10.0.0.tgz#3d4227b8fb95f81096cdd2b66653fb2c7085ba81"
  integrity sha512-rlBi9d8jpv9Sf1klPjNfFAuWDjKLwTIJJ/VxtoTwIR6hnZxcEOQCZg2oIL3MWBYw5GpUDKOEnND7LXTbIpQ03Q==

experimental-allure-js-commons@=0.0.1:
  version "0.0.1"
  resolved "https://registry.yarnpkg.com/experimental-allure-js-commons/-/experimental-allure-js-commons-0.0.1.tgz#7fc0a16b614e19544e706e0b2ac75b1bb16227df"
  integrity sha512-/cduBI0j/Vj4+NyriSu4yHPetuXxOvg2xH10VAs2w9l0P917qKWhRO58gZrn6aXZBDalrmjAQXiqYNz2odNxOg==
  dependencies:
    mkdirp "^1.0.4"
    properties "^1.2.1"
    uuid "^8.3.0"

experimental-allure-playwright@0.0.3:
  version "0.0.3"
  resolved "https://registry.yarnpkg.com/experimental-allure-playwright/-/experimental-allure-playwright-0.0.3.tgz#3d39f41c76e5e272b10ee23942a1386346424161"
  integrity sha512-SLLy5ipeAGRR/z4ZB0IXI8DZnYovoBfFwYV8ChrBbQsaAQJw9ZBCuMIkUHELd/dms+xakxWi6vKOAHEz7DcOvw==
  dependencies:
    "@types/node" "^15.14.1"
    experimental-allure-js-commons "=0.0.1"

fsevents@2.3.2:
  version "2.3.2"
  resolved "https://registry.yarnpkg.com/fsevents/-/fsevents-2.3.2.tgz#8a526f78b8fdf4623b709e0b975c52c24c02fd1a"
  integrity sha512-xiqMQR4xAeHTuB9uWm+fFRcIOgKBMiOBP+eXiyT7jsgVCq1bkVygt00oASowB7EdtpOHaaPgKt812P9ab+DDKA==

mkdirp@^1.0.4:
  version "1.0.4"
  resolved "https://registry.yarnpkg.com/mkdirp/-/mkdirp-1.0.4.tgz#3eb5ed62622756d79a5f0e2a221dfebad75c2f7e"
  integrity sha512-vVqVZQyf3WLx2Shd0qJ9xuvqgAyKPLAiqITEtqW0oIUjzo3PePDd6fW9iFz30ef7Ysp/oiWqbhszeGWW2T6Gzw==

playwright-core@1.39.0:
  version "1.39.0"
  resolved "https://registry.yarnpkg.com/playwright-core/-/playwright-core-1.39.0.tgz#efeaea754af4fb170d11845b8da30b2323287c63"
  integrity sha512-+k4pdZgs1qiM+OUkSjx96YiKsXsmb59evFoqv8SKO067qBA+Z2s/dCzJij/ZhdQcs2zlTAgRKfeiiLm8PQ2qvw==

playwright@1.39.0:
  version "1.39.0"
  resolved "https://registry.yarnpkg.com/playwright/-/playwright-1.39.0.tgz#184c81cd6478f8da28bcd9e60e94fcebf566e077"
  integrity sha512-naE5QT11uC/Oiq0BwZ50gDmy8c8WLPRTEWuSSFVG2egBka/1qMoSqYQcROMT9zLwJ86oPofcTH2jBY/5wWOgIw==
  dependencies:
    playwright-core "1.39.0"
  optionalDependencies:
    fsevents "2.3.2"

properties@^1.2.1:
  version "1.2.1"
  resolved "https://registry.yarnpkg.com/properties/-/properties-1.2.1.tgz#0ee97a7fc020b1a2a55b8659eda4aa8d869094bd"
  integrity sha1-Dul6f8AgsaKlW4ZZ7aSqjYaQlL0=

uuid@^8.3.0:
  version "8.3.2"
  resolved "https://registry.yarnpkg.com/uuid/-/uuid-8.3.2.tgz#80d5b5ced271bb9af6c445f21a1a04c606cefbe2"
  integrity sha512-+NYs2QeMWy+GWFOEm9xnn6HCDp0l7QBD7ml8zLUmJ+93Q5NF0NocErnwkTkXVFNiX3/fpC6afS8Dhb/gz7R7eg==
